// !$*UTF8*$!
{
	archiveVersion = 1;
	classes = {
	};
	objectVersion = 56;
	objects = {

/* Begin PBXBuildFile section */
		F19438BA2B34AFE200E2F052 /* Endpoint.swift in Sources */ = {isa = PBXBuildFile; fileRef = F19438B92B34AFE200E2F052 /* Endpoint.swift */; };
		F19438BC2B34B0C200E2F052 /* RequestError.swift in Sources */ = {isa = PBXBuildFile; fileRef = F19438BB2B34B0C200E2F052 /* RequestError.swift */; };
		F19438BE2B34B18F00E2F052 /* RequestMethod.swift in Sources */ = {isa = PBXBuildFile; fileRef = F19438BD2B34B18F00E2F052 /* RequestMethod.swift */; };
		F19438C02B34B1AB00E2F052 /* HTTPClient.swift in Sources */ = {isa = PBXBuildFile; fileRef = F19438BF2B34B1AB00E2F052 /* HTTPClient.swift */; };
		F19438C32B34B53C00E2F052 /* CharactersEndpoint.swift in Sources */ = {isa = PBXBuildFile; fileRef = F19438C22B34B53C00E2F052 /* CharactersEndpoint.swift */; };
		F19438C62B34B64000E2F052 /* CharactersService.swift in Sources */ = {isa = PBXBuildFile; fileRef = F19438C52B34B64000E2F052 /* CharactersService.swift */; };
		F1A1C2AA2B33397000FF22ED /* HomeCategoryView.swift in Sources */ = {isa = PBXBuildFile; fileRef = F1A1C2A92B33397000FF22ED /* HomeCategoryView.swift */; };
		F1A5E41B2B31E5BA003C13DE /* AppDelegate.swift in Sources */ = {isa = PBXBuildFile; fileRef = F1A5E41A2B31E5BA003C13DE /* AppDelegate.swift */; };
		F1A5E41D2B31E5BA003C13DE /* SceneDelegate.swift in Sources */ = {isa = PBXBuildFile; fileRef = F1A5E41C2B31E5BA003C13DE /* SceneDelegate.swift */; };
		F1A5E41F2B31E5BA003C13DE /* HomeViewController.swift in Sources */ = {isa = PBXBuildFile; fileRef = F1A5E41E2B31E5BA003C13DE /* HomeViewController.swift */; };
		F1A5E4242B31E5BC003C13DE /* Assets.xcassets in Resources */ = {isa = PBXBuildFile; fileRef = F1A5E4232B31E5BC003C13DE /* Assets.xcassets */; };
		F1A5E4272B31E5BC003C13DE /* LaunchScreen.storyboard in Resources */ = {isa = PBXBuildFile; fileRef = F1A5E4252B31E5BC003C13DE /* LaunchScreen.storyboard */; };
		F1A5E4332B31E6EA003C13DE /* Coordinator.swift in Sources */ = {isa = PBXBuildFile; fileRef = F1A5E4322B31E6EA003C13DE /* Coordinator.swift */; };
		F1A5E4352B31E739003C13DE /* HomeCoordinator.swift in Sources */ = {isa = PBXBuildFile; fileRef = F1A5E4342B31E739003C13DE /* HomeCoordinator.swift */; };
		F1DE5CD52B337B0500226D47 /* Character.swift in Sources */ = {isa = PBXBuildFile; fileRef = F1DE5CD42B337B0500226D47 /* Character.swift */; };
		F1DE5CE82B338DF800226D47 /* CharacterViewModel.swift in Sources */ = {isa = PBXBuildFile; fileRef = F1DE5CE72B338DF800226D47 /* CharacterViewModel.swift */; };
/* End PBXBuildFile section */

/* Begin PBXFileReference section */
		F19438B92B34AFE200E2F052 /* Endpoint.swift */ = {isa = PBXFileReference; lastKnownFileType = sourcecode.swift; path = Endpoint.swift; sourceTree = "<group>"; };
		F19438BB2B34B0C200E2F052 /* RequestError.swift */ = {isa = PBXFileReference; lastKnownFileType = sourcecode.swift; path = RequestError.swift; sourceTree = "<group>"; };
		F19438BD2B34B18F00E2F052 /* RequestMethod.swift */ = {isa = PBXFileReference; lastKnownFileType = sourcecode.swift; path = RequestMethod.swift; sourceTree = "<group>"; };
		F19438BF2B34B1AB00E2F052 /* HTTPClient.swift */ = {isa = PBXFileReference; lastKnownFileType = sourcecode.swift; path = HTTPClient.swift; sourceTree = "<group>"; };
		F19438C22B34B53C00E2F052 /* CharactersEndpoint.swift */ = {isa = PBXFileReference; lastKnownFileType = sourcecode.swift; path = CharactersEndpoint.swift; sourceTree = "<group>"; };
		F19438C52B34B64000E2F052 /* CharactersService.swift */ = {isa = PBXFileReference; lastKnownFileType = sourcecode.swift; path = CharactersService.swift; sourceTree = "<group>"; };
		F1A1C2A92B33397000FF22ED /* HomeCategoryView.swift */ = {isa = PBXFileReference; lastKnownFileType = sourcecode.swift; path = HomeCategoryView.swift; sourceTree = "<group>"; };
		F1A5E4172B31E5BA003C13DE /* FF-RickAndMorty.app */ = {isa = PBXFileReference; explicitFileType = wrapper.application; includeInIndex = 0; path = "FF-RickAndMorty.app"; sourceTree = BUILT_PRODUCTS_DIR; };
		F1A5E41A2B31E5BA003C13DE /* AppDelegate.swift */ = {isa = PBXFileReference; lastKnownFileType = sourcecode.swift; path = AppDelegate.swift; sourceTree = "<group>"; };
		F1A5E41C2B31E5BA003C13DE /* SceneDelegate.swift */ = {isa = PBXFileReference; lastKnownFileType = sourcecode.swift; path = SceneDelegate.swift; sourceTree = "<group>"; };
		F1A5E41E2B31E5BA003C13DE /* HomeViewController.swift */ = {isa = PBXFileReference; lastKnownFileType = sourcecode.swift; path = HomeViewController.swift; sourceTree = "<group>"; };
		F1A5E4232B31E5BC003C13DE /* Assets.xcassets */ = {isa = PBXFileReference; lastKnownFileType = folder.assetcatalog; path = Assets.xcassets; sourceTree = "<group>"; };
		F1A5E4262B31E5BC003C13DE /* Base */ = {isa = PBXFileReference; lastKnownFileType = file.storyboard; name = Base; path = Base.lproj/LaunchScreen.storyboard; sourceTree = "<group>"; };
		F1A5E4282B31E5BC003C13DE /* Info.plist */ = {isa = PBXFileReference; lastKnownFileType = text.plist.xml; path = Info.plist; sourceTree = "<group>"; };
		F1A5E4322B31E6EA003C13DE /* Coordinator.swift */ = {isa = PBXFileReference; lastKnownFileType = sourcecode.swift; path = Coordinator.swift; sourceTree = "<group>"; };
		F1A5E4342B31E739003C13DE /* HomeCoordinator.swift */ = {isa = PBXFileReference; lastKnownFileType = sourcecode.swift; path = HomeCoordinator.swift; sourceTree = "<group>"; };
		F1DE5CD42B337B0500226D47 /* Character.swift */ = {isa = PBXFileReference; lastKnownFileType = sourcecode.swift; path = Character.swift; sourceTree = "<group>"; };
		F1DE5CE72B338DF800226D47 /* CharacterViewModel.swift */ = {isa = PBXFileReference; lastKnownFileType = sourcecode.swift; path = CharacterViewModel.swift; sourceTree = "<group>"; };
/* End PBXFileReference section */

/* Begin PBXFrameworksBuildPhase section */
		F1A5E4142B31E5BA003C13DE /* Frameworks */ = {
			isa = PBXFrameworksBuildPhase;
			buildActionMask = 2147483647;
			files = (
			);
			runOnlyForDeploymentPostprocessing = 0;
		};
/* End PBXFrameworksBuildPhase section */

/* Begin PBXGroup section */
		F19438B52B347D8600E2F052 /* Network */ = {
			isa = PBXGroup;
			children = (
				F19438C42B34B63400E2F052 /* Service */,
				F19438C12B34B53000E2F052 /* Endpoints */,
				F19438B82B34AFD900E2F052 /* Base */,
			);
			path = Network;
			sourceTree = "<group>";
		};
		F19438B82B34AFD900E2F052 /* Base */ = {
			isa = PBXGroup;
			children = (
				F19438B92B34AFE200E2F052 /* Endpoint.swift */,
				F19438BB2B34B0C200E2F052 /* RequestError.swift */,
				F19438BD2B34B18F00E2F052 /* RequestMethod.swift */,
				F19438BF2B34B1AB00E2F052 /* HTTPClient.swift */,
			);
			path = Base;
			sourceTree = "<group>";
		};
		F19438C12B34B53000E2F052 /* Endpoints */ = {
			isa = PBXGroup;
			children = (
				F19438C22B34B53C00E2F052 /* CharactersEndpoint.swift */,
			);
			path = Endpoints;
			sourceTree = "<group>";
		};
		F19438C42B34B63400E2F052 /* Service */ = {
			isa = PBXGroup;
			children = (
				F19438C52B34B64000E2F052 /* CharactersService.swift */,
			);
			path = Service;
			sourceTree = "<group>";
		};
		F1A1C2A82B3337F500FF22ED /* SubViews */ = {
			isa = PBXGroup;
			children = (
				F1A1C2A92B33397000FF22ED /* HomeCategoryView.swift */,
			);
			path = SubViews;
			sourceTree = "<group>";
		};
		F1A5E40E2B31E5BA003C13DE = {
			isa = PBXGroup;
			children = (
				F1A5E4192B31E5BA003C13DE /* FF-RickAndMorty */,
				F1A5E4182B31E5BA003C13DE /* Products */,
			);
			sourceTree = "<group>";
		};
		F1A5E4182B31E5BA003C13DE /* Products */ = {
			isa = PBXGroup;
			children = (
				F1A5E4172B31E5BA003C13DE /* FF-RickAndMorty.app */,
			);
			name = Products;
			sourceTree = "<group>";
		};
		F1A5E4192B31E5BA003C13DE /* FF-RickAndMorty */ = {
			isa = PBXGroup;
			children = (
				F19438B52B347D8600E2F052 /* Network */,
				F1A5E4282B31E5BC003C13DE /* Info.plist */,
				F1A5E4312B31E6E2003C13DE /* Coordinator */,
				F1DE5CE12B338A5F00226D47 /* Characters */,
				F1A5E42E2B31E6D3003C13DE /* Home */,
				F1DE5CD32B337AFC00226D47 /* Models */,
				F1A5E4302B31E6DB003C13DE /* Resources */,
			);
			path = "FF-RickAndMorty";
			sourceTree = "<group>";
		};
		F1A5E42E2B31E6D3003C13DE /* Home */ = {
			isa = PBXGroup;
			children = (
				F1A1C2A82B3337F500FF22ED /* SubViews */,
				F1C65C9C2B31EC2200496F91 /* View */,
				F1A5E42F2B31E6D7003C13DE /* Coordinator */,
			);
			path = Home;
			sourceTree = "<group>";
		};
		F1A5E42F2B31E6D7003C13DE /* Coordinator */ = {
			isa = PBXGroup;
			children = (
				F1A5E4342B31E739003C13DE /* HomeCoordinator.swift */,
			);
			path = Coordinator;
			sourceTree = "<group>";
		};
		F1A5E4302B31E6DB003C13DE /* Resources */ = {
			isa = PBXGroup;
			children = (
				F1A5E41A2B31E5BA003C13DE /* AppDelegate.swift */,
				F1A5E41C2B31E5BA003C13DE /* SceneDelegate.swift */,
				F1A5E4232B31E5BC003C13DE /* Assets.xcassets */,
				F1A5E4252B31E5BC003C13DE /* LaunchScreen.storyboard */,
			);
			path = Resources;
			sourceTree = "<group>";
		};
		F1A5E4312B31E6E2003C13DE /* Coordinator */ = {
			isa = PBXGroup;
			children = (
				F1A5E4322B31E6EA003C13DE /* Coordinator.swift */,
			);
			path = Coordinator;
			sourceTree = "<group>";
		};
		F1C65C9C2B31EC2200496F91 /* View */ = {
			isa = PBXGroup;
			children = (
				F1A5E41E2B31E5BA003C13DE /* HomeViewController.swift */,
			);
			path = View;
			sourceTree = "<group>";
		};
		F1DE5CD32B337AFC00226D47 /* Models */ = {
			isa = PBXGroup;
			children = (
				F1DE5CD42B337B0500226D47 /* Character.swift */,
			);
			path = Models;
			sourceTree = "<group>";
		};
		F1DE5CE12B338A5F00226D47 /* Characters */ = {
			isa = PBXGroup;
			children = (
				F1DE5CE62B338DEE00226D47 /* ViewModel */,
			);
			path = Characters;
			sourceTree = "<group>";
		};
		F1DE5CE62B338DEE00226D47 /* ViewModel */ = {
			isa = PBXGroup;
			children = (
				F1DE5CE72B338DF800226D47 /* CharacterViewModel.swift */,
			);
			path = ViewModel;
			sourceTree = "<group>";
		};
/* End PBXGroup section */

/* Begin PBXNativeTarget section */
		F1A5E4162B31E5BA003C13DE /* FF-RickAndMorty */ = {
			isa = PBXNativeTarget;
			buildConfigurationList = F1A5E42B2B31E5BC003C13DE /* Build configuration list for PBXNativeTarget "FF-RickAndMorty" */;
			buildPhases = (
				F1A5E4132B31E5BA003C13DE /* Sources */,
				F1A5E4142B31E5BA003C13DE /* Frameworks */,
				F1A5E4152B31E5BA003C13DE /* Resources */,
			);
			buildRules = (
			);
			dependencies = (
			);
			name = "FF-RickAndMorty";
			productName = "FF-RickAndMorty";
			productReference = F1A5E4172B31E5BA003C13DE /* FF-RickAndMorty.app */;
			productType = "com.apple.product-type.application";
		};
/* End PBXNativeTarget section */

/* Begin PBXProject section */
		F1A5E40F2B31E5BA003C13DE /* Project object */ = {
			isa = PBXProject;
			attributes = {
				BuildIndependentTargetsInParallel = 1;
				LastSwiftUpdateCheck = 1500;
				LastUpgradeCheck = 1500;
				TargetAttributes = {
					F1A5E4162B31E5BA003C13DE = {
						CreatedOnToolsVersion = 15.0;
					};
				};
			};
			buildConfigurationList = F1A5E4122B31E5BA003C13DE /* Build configuration list for PBXProject "FF-RickAndMorty" */;
			compatibilityVersion = "Xcode 14.0";
			developmentRegion = en;
			hasScannedForEncodings = 0;
			knownRegions = (
				en,
				Base,
			);
			mainGroup = F1A5E40E2B31E5BA003C13DE;
			productRefGroup = F1A5E4182B31E5BA003C13DE /* Products */;
			projectDirPath = "";
			projectRoot = "";
			targets = (
				F1A5E4162B31E5BA003C13DE /* FF-RickAndMorty */,
			);
		};
/* End PBXProject section */

/* Begin PBXResourcesBuildPhase section */
		F1A5E4152B31E5BA003C13DE /* Resources */ = {
			isa = PBXResourcesBuildPhase;
			buildActionMask = 2147483647;
			files = (
				F1A5E4272B31E5BC003C13DE /* LaunchScreen.storyboard in Resources */,
				F1A5E4242B31E5BC003C13DE /* Assets.xcassets in Resources */,
			);
			runOnlyForDeploymentPostprocessing = 0;
		};
/* End PBXResourcesBuildPhase section */

/* Begin PBXSourcesBuildPhase section */
		F1A5E4132B31E5BA003C13DE /* Sources */ = {
			isa = PBXSourcesBuildPhase;
			buildActionMask = 2147483647;
			files = (
				F1DE5CD52B337B0500226D47 /* Character.swift in Sources */,
				F19438C32B34B53C00E2F052 /* CharactersEndpoint.swift in Sources */,
				F1A5E4332B31E6EA003C13DE /* Coordinator.swift in Sources */,
				F19438C02B34B1AB00E2F052 /* HTTPClient.swift in Sources */,
				F1A5E41F2B31E5BA003C13DE /* HomeViewController.swift in Sources */,
				F19438BC2B34B0C200E2F052 /* RequestError.swift in Sources */,
				F19438BE2B34B18F00E2F052 /* RequestMethod.swift in Sources */,
				F19438C62B34B64000E2F052 /* CharactersService.swift in Sources */,
				F1A1C2AA2B33397000FF22ED /* HomeCategoryView.swift in Sources */,
				F19438BA2B34AFE200E2F052 /* Endpoint.swift in Sources */,
				F1DE5CE82B338DF800226D47 /* CharacterViewModel.swift in Sources */,
				F1A5E4352B31E739003C13DE /* HomeCoordinator.swift in Sources */,
				F1A5E41B2B31E5BA003C13DE /* AppDelegate.swift in Sources */,
				F1A5E41D2B31E5BA003C13DE /* SceneDelegate.swift in Sources */,
			);
			runOnlyForDeploymentPostprocessing = 0;
		};
/* End PBXSourcesBuildPhase section */

/* Begin PBXVariantGroup section */
		F1A5E4252B31E5BC003C13DE /* LaunchScreen.storyboard */ = {
			isa = PBXVariantGroup;
			children = (
				F1A5E4262B31E5BC003C13DE /* Base */,
			);
			name = LaunchScreen.storyboard;
			sourceTree = "<group>";
		};
/* End PBXVariantGroup section */

/* Begin XCBuildConfiguration section */
		F1A5E4292B31E5BC003C13DE /* Debug */ = {
			isa = XCBuildConfiguration;
			buildSettings = {
				ALWAYS_SEARCH_USER_PATHS = NO;
				ASSETCATALOG_COMPILER_GENERATE_SWIFT_ASSET_SYMBOL_EXTENSIONS = YES;
				CLANG_ANALYZER_NONNULL = YES;
				CLANG_ANALYZER_NUMBER_OBJECT_CONVERSION = YES_AGGRESSIVE;
				CLANG_CXX_LANGUAGE_STANDARD = "gnu++20";
				CLANG_ENABLE_MODULES = YES;
				CLANG_ENABLE_OBJC_ARC = YES;
				CLANG_ENABLE_OBJC_WEAK = YES;
				CLANG_WARN_BLOCK_CAPTURE_AUTORELEASING = YES;
				CLANG_WARN_BOOL_CONVERSION = YES;
				CLANG_WARN_COMMA = YES;
				CLANG_WARN_CONSTANT_CONVERSION = YES;
				CLANG_WARN_DEPRECATED_OBJC_IMPLEMENTATIONS = YES;
				CLANG_WARN_DIRECT_OBJC_ISA_USAGE = YES_ERROR;
				CLANG_WARN_DOCUMENTATION_COMMENTS = YES;
				CLANG_WARN_EMPTY_BODY = YES;
				CLANG_WARN_ENUM_CONVERSION = YES;
				CLANG_WARN_INFINITE_RECURSION = YES;
				CLANG_WARN_INT_CONVERSION = YES;
				CLANG_WARN_NON_LITERAL_NULL_CONVERSION = YES;
				CLANG_WARN_OBJC_IMPLICIT_RETAIN_SELF = YES;
				CLANG_WARN_OBJC_LITERAL_CONVERSION = YES;
				CLANG_WARN_OBJC_ROOT_CLASS = YES_ERROR;
				CLANG_WARN_QUOTED_INCLUDE_IN_FRAMEWORK_HEADER = YES;
				CLANG_WARN_RANGE_LOOP_ANALYSIS = YES;
				CLANG_WARN_STRICT_PROTOTYPES = YES;
				CLANG_WARN_SUSPICIOUS_MOVE = YES;
				CLANG_WARN_UNGUARDED_AVAILABILITY = YES_AGGRESSIVE;
				CLANG_WARN_UNREACHABLE_CODE = YES;
				CLANG_WARN__DUPLICATE_METHOD_MATCH = YES;
				COPY_PHASE_STRIP = NO;
				DEBUG_INFORMATION_FORMAT = dwarf;
				ENABLE_STRICT_OBJC_MSGSEND = YES;
				ENABLE_TESTABILITY = YES;
				ENABLE_USER_SCRIPT_SANDBOXING = YES;
				GCC_C_LANGUAGE_STANDARD = gnu17;
				GCC_DYNAMIC_NO_PIC = NO;
				GCC_NO_COMMON_BLOCKS = YES;
				GCC_OPTIMIZATION_LEVEL = 0;
				GCC_PREPROCESSOR_DEFINITIONS = (
					"DEBUG=1",
					"$(inherited)",
				);
				GCC_WARN_64_TO_32_BIT_CONVERSION = YES;
				GCC_WARN_ABOUT_RETURN_TYPE = YES_ERROR;
				GCC_WARN_UNDECLARED_SELECTOR = YES;
				GCC_WARN_UNINITIALIZED_AUTOS = YES_AGGRESSIVE;
				GCC_WARN_UNUSED_FUNCTION = YES;
				GCC_WARN_UNUSED_VARIABLE = YES;
				IPHONEOS_DEPLOYMENT_TARGET = 15.0;
				LOCALIZATION_PREFERS_STRING_CATALOGS = YES;
				MTL_ENABLE_DEBUG_INFO = INCLUDE_SOURCE;
				MTL_FAST_MATH = YES;
				ONLY_ACTIVE_ARCH = YES;
				SDKROOT = iphoneos;
				SWIFT_ACTIVE_COMPILATION_CONDITIONS = "DEBUG $(inherited)";
				SWIFT_OPTIMIZATION_LEVEL = "-Onone";
			};
			name = Debug;
		};
		F1A5E42A2B31E5BC003C13DE /* Release */ = {
			isa = XCBuildConfiguration;
			buildSettings = {
				ALWAYS_SEARCH_USER_PATHS = NO;
				ASSETCATALOG_COMPILER_GENERATE_SWIFT_ASSET_SYMBOL_EXTENSIONS = YES;
				CLANG_ANALYZER_NONNULL = YES;
				CLANG_ANALYZER_NUMBER_OBJECT_CONVERSION = YES_AGGRESSIVE;
				CLANG_CXX_LANGUAGE_STANDARD = "gnu++20";
				CLANG_ENABLE_MODULES = YES;
				CLANG_ENABLE_OBJC_ARC = YES;
				CLANG_ENABLE_OBJC_WEAK = YES;
				CLANG_WARN_BLOCK_CAPTURE_AUTORELEASING = YES;
				CLANG_WARN_BOOL_CONVERSION = YES;
				CLANG_WARN_COMMA = YES;
				CLANG_WARN_CONSTANT_CONVERSION = YES;
				CLANG_WARN_DEPRECATED_OBJC_IMPLEMENTATIONS = YES;
				CLANG_WARN_DIRECT_OBJC_ISA_USAGE = YES_ERROR;
				CLANG_WARN_DOCUMENTATION_COMMENTS = YES;
				CLANG_WARN_EMPTY_BODY = YES;
				CLANG_WARN_ENUM_CONVERSION = YES;
				CLANG_WARN_INFINITE_RECURSION = YES;
				CLANG_WARN_INT_CONVERSION = YES;
				CLANG_WARN_NON_LITERAL_NULL_CONVERSION = YES;
				CLANG_WARN_OBJC_IMPLICIT_RETAIN_SELF = YES;
				CLANG_WARN_OBJC_LITERAL_CONVERSION = YES;
				CLANG_WARN_OBJC_ROOT_CLASS = YES_ERROR;
				CLANG_WARN_QUOTED_INCLUDE_IN_FRAMEWORK_HEADER = YES;
				CLANG_WARN_RANGE_LOOP_ANALYSIS = YES;
				CLANG_WARN_STRICT_PROTOTYPES = YES;
				CLANG_WARN_SUSPICIOUS_MOVE = YES;
				CLANG_WARN_UNGUARDED_AVAILABILITY = YES_AGGRESSIVE;
				CLANG_WARN_UNREACHABLE_CODE = YES;
				CLANG_WARN__DUPLICATE_METHOD_MATCH = YES;
				COPY_PHASE_STRIP = NO;
				DEBUG_INFORMATION_FORMAT = "dwarf-with-dsym";
				ENABLE_NS_ASSERTIONS = NO;
				ENABLE_STRICT_OBJC_MSGSEND = YES;
				ENABLE_USER_SCRIPT_SANDBOXING = YES;
				GCC_C_LANGUAGE_STANDARD = gnu17;
				GCC_NO_COMMON_BLOCKS = YES;
				GCC_WARN_64_TO_32_BIT_CONVERSION = YES;
				GCC_WARN_ABOUT_RETURN_TYPE = YES_ERROR;
				GCC_WARN_UNDECLARED_SELECTOR = YES;
				GCC_WARN_UNINITIALIZED_AUTOS = YES_AGGRESSIVE;
				GCC_WARN_UNUSED_FUNCTION = YES;
				GCC_WARN_UNUSED_VARIABLE = YES;
				IPHONEOS_DEPLOYMENT_TARGET = 15.0;
				LOCALIZATION_PREFERS_STRING_CATALOGS = YES;
				MTL_ENABLE_DEBUG_INFO = NO;
				MTL_FAST_MATH = YES;
				SDKROOT = iphoneos;
				SWIFT_COMPILATION_MODE = wholemodule;
				VALIDATE_PRODUCT = YES;
			};
			name = Release;
		};
		F1A5E42C2B31E5BC003C13DE /* Debug */ = {
			isa = XCBuildConfiguration;
			buildSettings = {
				ASSETCATALOG_COMPILER_APPICON_NAME = AppIcon;
				ASSETCATALOG_COMPILER_GLOBAL_ACCENT_COLOR_NAME = AccentColor;
				CODE_SIGN_STYLE = Automatic;
				CURRENT_PROJECT_VERSION = 1;
				DEVELOPMENT_TEAM = 3PUBAYQC78;
				GENERATE_INFOPLIST_FILE = YES;
				INFOPLIST_FILE = "FF-RickAndMorty/Info.plist";
				INFOPLIST_KEY_CFBundleDisplayName = "Fun Facts Rick & Morty";
				INFOPLIST_KEY_LSApplicationCategoryType = "public.app-category.entertainment";
				INFOPLIST_KEY_UIApplicationSupportsIndirectInputEvents = YES;
				INFOPLIST_KEY_UILaunchStoryboardName = LaunchScreen;
				INFOPLIST_KEY_UISupportedInterfaceOrientations = UIInterfaceOrientationPortrait;
				INFOPLIST_KEY_UISupportedInterfaceOrientations_iPad = "UIInterfaceOrientationLandscapeLeft UIInterfaceOrientationLandscapeRight UIInterfaceOrientationPortrait UIInterfaceOrientationPortraitUpsideDown";
				IPHONEOS_DEPLOYMENT_TARGET = 15.0;
				LD_RUNPATH_SEARCH_PATHS = (
					"$(inherited)",
					"@executable_path/Frameworks",
				);
				MARKETING_VERSION = 1.0;
				PRODUCT_BUNDLE_IDENTIFIER = "ferreira.bianca.FF-RickAndMorty";
				PRODUCT_NAME = "$(TARGET_NAME)";
				SUPPORTED_PLATFORMS = "iphoneos iphonesimulator";
				SUPPORTS_MACCATALYST = NO;
				SUPPORTS_MAC_DESIGNED_FOR_IPHONE_IPAD = NO;
				SWIFT_EMIT_LOC_STRINGS = YES;
				SWIFT_VERSION = 5.0;
				TARGETED_DEVICE_FAMILY = 1;
			};
			name = Debug;
		};
		F1A5E42D2B31E5BC003C13DE /* Release */ = {
			isa = XCBuildConfiguration;
			buildSettings = {
				ASSETCATALOG_COMPILER_APPICON_NAME = AppIcon;
				ASSETCATALOG_COMPILER_GLOBAL_ACCENT_COLOR_NAME = AccentColor;
				CODE_SIGN_STYLE = Automatic;
				CURRENT_PROJECT_VERSION = 1;
				DEVELOPMENT_TEAM = 3PUBAYQC78;
				GENERATE_INFOPLIST_FILE = YES;
				INFOPLIST_FILE = "FF-RickAndMorty/Info.plist";
				INFOPLIST_KEY_CFBundleDisplayName = "Fun Facts Rick & Morty";
				INFOPLIST_KEY_LSApplicationCategoryType = "public.app-category.entertainment";
				INFOPLIST_KEY_UIApplicationSupportsIndirectInputEvents = YES;
				INFOPLIST_KEY_UILaunchStoryboardName = LaunchScreen;
				INFOPLIST_KEY_UISupportedInterfaceOrientations = UIInterfaceOrientationPortrait;
				INFOPLIST_KEY_UISupportedInterfaceOrientations_iPad = "UIInterfaceOrientationLandscapeLeft UIInterfaceOrientationLandscapeRight UIInterfaceOrientationPortrait UIInterfaceOrientationPortraitUpsideDown";
				IPHONEOS_DEPLOYMENT_TARGET = 15.0;
				LD_RUNPATH_SEARCH_PATHS = (
					"$(inherited)",
					"@executable_path/Frameworks",
				);
				MARKETING_VERSION = 1.0;
				PRODUCT_BUNDLE_IDENTIFIER = "ferreira.bianca.FF-RickAndMorty";
				PRODUCT_NAME = "$(TARGET_NAME)";
				SUPPORTED_PLATFORMS = "iphoneos iphonesimulator";
				SUPPORTS_MACCATALYST = NO;
				SUPPORTS_MAC_DESIGNED_FOR_IPHONE_IPAD = NO;
				SWIFT_EMIT_LOC_STRINGS = YES;
				SWIFT_VERSION = 5.0;
				TARGETED_DEVICE_FAMILY = 1;
			};
			name = Release;
		};
/* End XCBuildConfiguration section */

/* Begin XCConfigurationList section */
		F1A5E4122B31E5BA003C13DE /* Build configuration list for PBXProject "FF-RickAndMorty" */ = {
			isa = XCConfigurationList;
			buildConfigurations = (
				F1A5E4292B31E5BC003C13DE /* Debug */,
				F1A5E42A2B31E5BC003C13DE /* Release */,
			);
			defaultConfigurationIsVisible = 0;
			defaultConfigurationName = Release;
		};
		F1A5E42B2B31E5BC003C13DE /* Build configuration list for PBXNativeTarget "FF-RickAndMorty" */ = {
			isa = XCConfigurationList;
			buildConfigurations = (
				F1A5E42C2B31E5BC003C13DE /* Debug */,
				F1A5E42D2B31E5BC003C13DE /* Release */,
			);
			defaultConfigurationIsVisible = 0;
			defaultConfigurationName = Release;
		};
/* End XCConfigurationList section */
	};
	rootObject = F1A5E40F2B31E5BA003C13DE /* Project object */;
}
