{
  "pins" : [
    {
      "identity" : "kingfisher",
      "kind" : "remoteSourceControl",
      "location" : "https://github.com/onevcat/Kingfisher.git",
      "state" : {
        "revision" : "3ec0ab0bca4feb56e8b33e289c9496e89059dd08",
        "version" : "7.10.2"
      }
    },
    {
      "identity" : "skeletonview",
      "kind" : "remoteSourceControl",
      "location" : "https://github.com/Juanpe/SkeletonView.git",
      "state" : {
        "revision" : "f859d197f388375316ef998cc227512b8ebdf44e",
        "version" : "1.30.0"
      }
    }
  ],
  "version" : 2
}
